// !$*UTF8*$!
{
	archiveVersion = 1;
	classes = {
	};
	objectVersion = 46;
	objects = {

/* Begin PBXBuildFile section */
		CD157C5A1C8682F90079D5ED /* AppDelegate.swift in Sources */ = {isa = PBXBuildFile; fileRef = CD157C591C8682F90079D5ED /* AppDelegate.swift */; };
		CD157C5F1C8682F90079D5ED /* Main.storyboard in Resources */ = {isa = PBXBuildFile; fileRef = CD157C5D1C8682F90079D5ED /* Main.storyboard */; };
		CD157C611C8682F90079D5ED /* Assets.xcassets in Resources */ = {isa = PBXBuildFile; fileRef = CD157C601C8682F90079D5ED /* Assets.xcassets */; };
		CD157C641C8682F90079D5ED /* LaunchScreen.storyboard in Resources */ = {isa = PBXBuildFile; fileRef = CD157C621C8682F90079D5ED /* LaunchScreen.storyboard */; };
		CD9C45071CC4AA2D00AEBD2D /* ConvertViewController.swift in Sources */ = {isa = PBXBuildFile; fileRef = CD9C45061CC4AA2D00AEBD2D /* ConvertViewController.swift */; };
		CD9C45091CC6083300AEBD2D /* MapKit.framework in Frameworks */ = {isa = PBXBuildFile; fileRef = CD9C45081CC6083300AEBD2D /* MapKit.framework */; };
		CD9C450B1CC60DDD00AEBD2D /* MapViewController.swift in Sources */ = {isa = PBXBuildFile; fileRef = CD9C450A1CC60DDD00AEBD2D /* MapViewController.swift */; };
/* End PBXBuildFile section */

/* Begin PBXFileReference section */
		CD157C561C8682F90079D5ED /* WorldTrotter.app */ = {isa = PBXFileReference; explicitFileType = wrapper.application; includeInIndex = 0; path = WorldTrotter.app; sourceTree = BUILT_PRODUCTS_DIR; };
		CD157C591C8682F90079D5ED /* AppDelegate.swift */ = {isa = PBXFileReference; lastKnownFileType = sourcecode.swift; path = AppDelegate.swift; sourceTree = "<group>"; };
		CD157C5E1C8682F90079D5ED /* Base */ = {isa = PBXFileReference; lastKnownFileType = file.storyboard; name = Base; path = Base.lproj/Main.storyboard; sourceTree = "<group>"; };
		CD157C601C8682F90079D5ED /* Assets.xcassets */ = {isa = PBXFileReference; lastKnownFileType = folder.assetcatalog; path = Assets.xcassets; sourceTree = "<group>"; };
		CD157C631C8682F90079D5ED /* Base */ = {isa = PBXFileReference; lastKnownFileType = file.storyboard; name = Base; path = Base.lproj/LaunchScreen.storyboard; sourceTree = "<group>"; };
		CD157C651C8682F90079D5ED /* Info.plist */ = {isa = PBXFileReference; lastKnownFileType = text.plist.xml; path = Info.plist; sourceTree = "<group>"; };
		CD9C45061CC4AA2D00AEBD2D /* ConvertViewController.swift */ = {isa = PBXFileReference; fileEncoding = 4; lastKnownFileType = sourcecode.swift; path = ConvertViewController.swift; sourceTree = "<group>"; };
		CD9C45081CC6083300AEBD2D /* MapKit.framework */ = {isa = PBXFileReference; lastKnownFileType = wrapper.framework; name = MapKit.framework; path = System/Library/Frameworks/MapKit.framework; sourceTree = SDKROOT; };
		CD9C450A1CC60DDD00AEBD2D /* MapViewController.swift */ = {isa = PBXFileReference; fileEncoding = 4; lastKnownFileType = sourcecode.swift; path = MapViewController.swift; sourceTree = "<group>"; };
/* End PBXFileReference section */

/* Begin PBXFrameworksBuildPhase section */
		CD157C531C8682F90079D5ED /* Frameworks */ = {
			isa = PBXFrameworksBuildPhase;
			buildActionMask = 2147483647;
			files = (
				CD9C45091CC6083300AEBD2D /* MapKit.framework in Frameworks */,
			);
			runOnlyForDeploymentPostprocessing = 0;
		};
/* End PBXFrameworksBuildPhase section */

/* Begin PBXGroup section */
		CD157C4D1C8682F90079D5ED = {
			isa = PBXGroup;
			children = (
				CD9C45081CC6083300AEBD2D /* MapKit.framework */,
				CD157C581C8682F90079D5ED /* WorldTrotter */,
				CD157C571C8682F90079D5ED /* Products */,
			);
			sourceTree = "<group>";
		};
		CD157C571C8682F90079D5ED /* Products */ = {
			isa = PBXGroup;
			children = (
				CD157C561C8682F90079D5ED /* WorldTrotter.app */,
			);
			name = Products;
			sourceTree = "<group>";
		};
		CD157C581C8682F90079D5ED /* WorldTrotter */ = {
			isa = PBXGroup;
			children = (
				CD9C45061CC4AA2D00AEBD2D /* ConvertViewController.swift */,
				CD9C450A1CC60DDD00AEBD2D /* MapViewController.swift */,
				CD157C591C8682F90079D5ED /* AppDelegate.swift */,
				CD157C5D1C8682F90079D5ED /* Main.storyboard */,
				CD157C601C8682F90079D5ED /* Assets.xcassets */,
				CD157C621C8682F90079D5ED /* LaunchScreen.storyboard */,
				CD157C651C8682F90079D5ED /* Info.plist */,
			);
			path = WorldTrotter;
			sourceTree = "<group>";
		};
/* End PBXGroup section */

/* Begin PBXNativeTarget section */
		CD157C551C8682F90079D5ED /* WorldTrotter */ = {
			isa = PBXNativeTarget;
			buildConfigurationList = CD157C681C8682F90079D5ED /* Build configuration list for PBXNativeTarget "WorldTrotter" */;
			buildPhases = (
				CD157C521C8682F90079D5ED /* Sources */,
				CD157C531C8682F90079D5ED /* Frameworks */,
				CD157C541C8682F90079D5ED /* Resources */,
			);
			buildRules = (
			);
			dependencies = (
			);
			name = WorldTrotter;
			productName = WorldTrotter;
			productReference = CD157C561C8682F90079D5ED /* WorldTrotter.app */;
			productType = "com.apple.product-type.application";
		};
/* End PBXNativeTarget section */

/* Begin PBXProject section */
		CD157C4E1C8682F90079D5ED /* Project object */ = {
			isa = PBXProject;
			attributes = {
				KnownAssetTags = (
					isAct,
				);
				LastSwiftUpdateCheck = 0720;
				LastUpgradeCheck = 0720;
				ORGANIZATIONNAME = "Patrick Moraitis";
				TargetAttributes = {
					CD157C551C8682F90079D5ED = {
						CreatedOnToolsVersion = 7.2.1;
					};
				};
			};
			buildConfigurationList = CD157C511C8682F90079D5ED /* Build configuration list for PBXProject "WorldTrotter" */;
			compatibilityVersion = "Xcode 3.2";
			developmentRegion = English;
			hasScannedForEncodings = 0;
			knownRegions = (
				en,
				Base,
			);
			mainGroup = CD157C4D1C8682F90079D5ED;
			productRefGroup = CD157C571C8682F90079D5ED /* Products */;
			projectDirPath = "";
			projectRoot = "";
			targets = (
				CD157C551C8682F90079D5ED /* WorldTrotter */,
			);
		};
/* End PBXProject section */

/* Begin PBXResourcesBuildPhase section */
		CD157C541C8682F90079D5ED /* Resources */ = {
			isa = PBXResourcesBuildPhase;
			buildActionMask = 2147483647;
			files = (
				CD157C641C8682F90079D5ED /* LaunchScreen.storyboard in Resources */,
				CD157C611C8682F90079D5ED /* Assets.xcassets in Resources */,
				CD157C5F1C8682F90079D5ED /* Main.storyboard in Resources */,
			);
			runOnlyForDeploymentPostprocessing = 0;
		};
/* End PBXResourcesBuildPhase section */

/* Begin PBXSourcesBuildPhase section */
		CD157C521C8682F90079D5ED /* Sources */ = {
			isa = PBXSourcesBuildPhase;
			buildActionMask = 2147483647;
			files = (
				CD9C45071CC4AA2D00AEBD2D /* ConvertViewController.swift in Sources */,
				CD9C450B1CC60DDD00AEBD2D /* MapViewController.swift in Sources */,
				CD157C5A1C8682F90079D5ED /* AppDelegate.swift in Sources */,
			);
			runOnlyForDeploymentPostprocessing = 0;
		};
/* End PBXSourcesBuildPhase section */

/* Begin PBXVariantGroup section */
		CD157C5D1C8682F90079D5ED /* Main.storyboard */ = {
			isa = PBXVariantGroup;
			children = (
				CD157C5E1C8682F90079D5ED /* Base */,
			);
			name = Main.storyboard;
			sourceTree = "<group>";
		};
		CD157C621C8682F90079D5ED /* LaunchScreen.storyboard */ = {
			isa = PBXVariantGroup;
			children = (
				CD157C631C8682F90079D5ED /* Base */,
			);
			name = LaunchScreen.storyboard;
			sourceTree = "<group>";
		};
/* End PBXVariantGroup section */

/* Begin XCBuildConfiguration section */
		CD157C661C8682F90079D5ED /* Debug */ = {
			isa = XCBuildConfiguration;
			buildSettings = {
				ALWAYS_SEARCH_USER_PATHS = NO;
				CLANG_CXX_LANGUAGE_STANDARD = "gnu++0x";
				CLANG_CXX_LIBRARY = "libc++";
				CLANG_ENABLE_MODULES = YES;
				CLANG_ENABLE_OBJC_ARC = YES;
				CLANG_WARN_BOOL_CONVERSION = YES;
				CLANG_WARN_CONSTANT_CONVERSION = YES;
				CLANG_WARN_DIRECT_OBJC_ISA_USAGE = YES_ERROR;
				CLANG_WARN_EMPTY_BODY = YES;
				CLANG_WARN_ENUM_CONVERSION = YES;
				CLANG_WARN_INT_CONVERSION = YES;
				CLANG_WARN_OBJC_ROOT_CLASS = YES_ERROR;
				CLANG_WARN_UNREACHABLE_CODE = YES;
				CLANG_WARN__DUPLICATE_METHOD_MATCH = YES;
				"CODE_SIGN_IDENTITY[sdk=iphoneos*]" = "iPhone Developer";
				COPY_PHASE_STRIP = NO;
				DEBUG_INFORMATION_FORMAT = dwarf;
				ENABLE_STRICT_OBJC_MSGSEND = YES;
				ENABLE_TESTABILITY = YES;
				GCC_C_LANGUAGE_STANDARD = gnu99;
				GCC_DYNAMIC_NO_PIC = NO;
				GCC_NO_COMMON_BLOCKS = YES;
				GCC_OPTIMIZATION_LEVEL = 0;
				GCC_PREPROCESSOR_DEFINITIONS = (
					"DEBUG=1",
					"$(inherited)",
				);
				GCC_WARN_64_TO_32_BIT_CONVERSION = YES;
				GCC_WARN_ABOUT_RETURN_TYPE = YES_ERROR;
				GCC_WARN_UNDECLARED_SELECTOR = YES;
				GCC_WARN_UNINITIALIZED_AUTOS = YES_AGGRESSIVE;
				GCC_WARN_UNUSED_FUNCTION = YES;
				GCC_WARN_UNUSED_VARIABLE = YES;
				IPHONEOS_DEPLOYMENT_TARGET = 9.2;
				MTL_ENABLE_DEBUG_INFO = YES;
				ONLY_ACTIVE_ARCH = YES;
				SDKROOT = iphoneos;
				SWIFT_OPTIMIZATION_LEVEL = "-Onone";
			};
			name = Debug;
		};
		CD157C671C8682F90079D5ED /* Release */ = {
			isa = XCBuildConfiguration;
			buildSettings = {
				ALWAYS_SEARCH_USER_PATHS = NO;
				CLANG_CXX_LANGUAGE_STANDARD = "gnu++0x";
				CLANG_CXX_LIBRARY = "libc++";
				CLANG_ENABLE_MODULES = YES;
				CLANG_ENABLE_OBJC_ARC = YES;
				CLANG_WARN_BOOL_CONVERSION = YES;
				CLANG_WARN_CONSTANT_CONVERSION = YES;
				CLANG_WARN_DIRECT_OBJC_ISA_USAGE = YES_ERROR;
				CLANG_WARN_EMPTY_BODY = YES;
				CLANG_WARN_ENUM_CONVERSION = YES;
				CLANG_WARN_INT_CONVERSION = YES;
				CLANG_WARN_OBJC_ROOT_CLASS = YES_ERROR;
				CLANG_WARN_UNREACHABLE_CODE = YES;
				CLANG_WARN__DUPLICATE_METHOD_MATCH = YES;
				"CODE_SIGN_IDENTITY[sdk=iphoneos*]" = "iPhone Developer";
				COPY_PHASE_STRIP = NO;
				DEBUG_INFORMATION_FORMAT = "dwarf-with-dsym";
				ENABLE_NS_ASSERTIONS = NO;
				ENABLE_STRICT_OBJC_MSGSEND = YES;
				GCC_C_LANGUAGE_STANDARD = gnu99;
				GCC_NO_COMMON_BLOCKS = YES;
				GCC_WARN_64_TO_32_BIT_CONVERSION = YES;
				GCC_WARN_ABOUT_RETURN_TYPE = YES_ERROR;
				GCC_WARN_UNDECLARED_SELECTOR = YES;
				GCC_WARN_UNINITIALIZED_AUTOS = YES_AGGRESSIVE;
				GCC_WARN_UNUSED_FUNCTION = YES;
				GCC_WARN_UNUSED_VARIABLE = YES;
				IPHONEOS_DEPLOYMENT_TARGET = 9.2;
				MTL_ENABLE_DEBUG_INFO = NO;
				SDKROOT = iphoneos;
				VALIDATE_PRODUCT = YES;
			};
			name = Release;
		};
		CD157C691C8682F90079D5ED /* Debug */ = {
			isa = XCBuildConfiguration;
			buildSettings = {
				ASSETCATALOG_COMPILER_APPICON_NAME = AppIcon;
				INFOPLIST_FILE = WorldTrotter/Info.plist;
				LD_RUNPATH_SEARCH_PATHS = "$(inherited) @executable_path/Frameworks";
				PRODUCT_BUNDLE_IDENTIFIER = com.patrickmoraitis.WorldTrotter;
				PRODUCT_NAME = "$(TARGET_NAME)";
			};
			name = Debug;
		};
		CD157C6A1C8682F90079D5ED /* Release */ = {
			isa = XCBuildConfiguration;
			buildSettings = {
				ASSETCATALOG_COMPILER_APPICON_NAME = AppIcon;
				INFOPLIST_FILE = WorldTrotter/Info.plist;
				LD_RUNPATH_SEARCH_PATHS = "$(inherited) @executable_path/Frameworks";
				PRODUCT_BUNDLE_IDENTIFIER = com.patrickmoraitis.WorldTrotter;
				PRODUCT_NAME = "$(TARGET_NAME)";
			};
			name = Release;
		};
/* End XCBuildConfiguration section */

/* Begin XCConfigurationList section */
		CD157C511C8682F90079D5ED /* Build configuration list for PBXProject "WorldTrotter" */ = {
			isa = XCConfigurationList;
			buildConfigurations = (
				CD157C661C8682F90079D5ED /* Debug */,
				CD157C671C8682F90079D5ED /* Release */,
			);
			defaultConfigurationIsVisible = 0;
			defaultConfigurationName = Release;
		};
		CD157C681C8682F90079D5ED /* Build configuration list for PBXNativeTarget "WorldTrotter" */ = {
			isa = XCConfigurationList;
			buildConfigurations = (
				CD157C691C8682F90079D5ED /* Debug */,
				CD157C6A1C8682F90079D5ED /* Release */,
			);
			defaultConfigurationIsVisible = 0;
			defaultConfigurationName = Release;
		};
/* End XCConfigurationList section */
	};
	rootObject = CD157C4E1C8682F90079D5ED /* Project object */;
}
